
Microsoft Visual Studio Solution File, Format Version 12.00
# Visual Studio Version 17
VisualStudioVersion = 17.13.35931.197 d17.13
MinimumVisualStudioVersion = 10.0.40219.1
Project("{FAE04EC0-301F-11D3-BF4B-00C04F79EFBC}") = "TravelEeezzWinUI", "TravelEeezzWinUI\TravelEeezzWinUI.csproj", "{CCA5713A-AE10-415C-84CB-245C99F78DA8}"
EndProject
Project("{FAE04EC0-301F-11D3-BF4B-00C04F79EFBC}") = "TravelEezzz1", "TravelEezzz1\TravelEezzz1.csproj", "{159E529F-91A5-424A-8EE4-61C421CAB97A}"
EndProject
Global
	GlobalSection(SolutionConfigurationPlatforms) = preSolution
		Debug|Any CPU = Debug|Any CPU
		Release|Any CPU = Release|Any CPU
	EndGlobalSection
	GlobalSection(ProjectConfigurationPlatforms) = postSolution
		{CCA5713A-AE10-415C-84CB-245C99F78DA8}.Debug|Any CPU.ActiveCfg = Debug|Any CPU
		{CCA5713A-AE10-415C-84CB-245C99F78DA8}.Debug|Any CPU.Build.0 = Debug|Any CPU
		{CCA5713A-AE10-415C-84CB-245C99F78DA8}.Release|Any CPU.ActiveCfg = Release|Any CPU
		{CCA5713A-AE10-415C-84CB-245C99F78DA8}.Release|Any CPU.Build.0 = Release|Any CPU
		{159E529F-91A5-424A-8EE4-61C421CAB97A}.Debug|Any CPU.ActiveCfg = Debug|Any CPU
		{159E529F-91A5-424A-8EE4-61C421CAB97A}.Debug|Any CPU.Build.0 = Debug|Any CPU
		{159E529F-91A5-424A-8EE4-61C421CAB97A}.Release|Any CPU.ActiveCfg = Release|Any CPU
		{159E529F-91A5-424A-8EE4-61C421CAB97A}.Release|Any CPU.Build.0 = Release|Any CPU
	EndGlobalSection
	GlobalSection(SolutionProperties) = preSolution
		HideSolutionNode = FALSE
	EndGlobalSection
	GlobalSection(ExtensibilityGlobals) = postSolution
		SolutionGuid = {4A4F1A94-0A7E-4799-882B-E1FB2A00AE93}
	EndGlobalSection
EndGlobal
