
Microsoft Visual Studio Solution File, Format Version 12.00
# Visual Studio Version 17
VisualStudioVersion = 17.14.36203.30
MinimumVisualStudioVersion = 10.0.40219.1
Project("{FAE04EC0-301F-11D3-BF4B-00C04F79EFBC}") = "OnlineQuiz", "OnlineQuiz\OnlineQuiz.csproj", "{1F2A4707-7576-466A-A4E3-0920B18A1EBE}"
EndProject
Project("{FAE04EC0-301F-11D3-BF4B-00C04F79EFBC}") = "OnlineWebAPI", "OnlineWebAPI\OnlineWebAPI.csproj", "{11D869C4-9027-44B0-A79F-B3E4B7DF7B0F}"
EndProject
Global
	GlobalSection(SolutionConfigurationPlatforms) = preSolution
		Debug|Any CPU = Debug|Any CPU
		Release|Any CPU = Release|Any CPU
	EndGlobalSection
	GlobalSection(ProjectConfigurationPlatforms) = postSolution
		{1F2A4707-7576-466A-A4E3-0920B18A1EBE}.Debug|Any CPU.ActiveCfg = Debug|Any CPU
		{1F2A4707-7576-466A-A4E3-0920B18A1EBE}.Debug|Any CPU.Build.0 = Debug|Any CPU
		{1F2A4707-7576-466A-A4E3-0920B18A1EBE}.Release|Any CPU.ActiveCfg = Release|Any CPU
		{1F2A4707-7576-466A-A4E3-0920B18A1EBE}.Release|Any CPU.Build.0 = Release|Any CPU
		{11D869C4-9027-44B0-A79F-B3E4B7DF7B0F}.Debug|Any CPU.ActiveCfg = Debug|Any CPU
		{11D869C4-9027-44B0-A79F-B3E4B7DF7B0F}.Debug|Any CPU.Build.0 = Debug|Any CPU
		{11D869C4-9027-44B0-A79F-B3E4B7DF7B0F}.Release|Any CPU.ActiveCfg = Release|Any CPU
		{11D869C4-9027-44B0-A79F-B3E4B7DF7B0F}.Release|Any CPU.Build.0 = Release|Any CPU
	EndGlobalSection
	GlobalSection(SolutionProperties) = preSolution
		HideSolutionNode = FALSE
	EndGlobalSection
	GlobalSection(ExtensibilityGlobals) = postSolution
		SolutionGuid = {7F3BA411-3CD2-4C81-80AA-0C1BF56F4E48}
	EndGlobalSection
EndGlobal
