
Microsoft Visual Studio Solution File, Format Version 12.00
# Visual Studio Version 17
VisualStudioVersion = 17.13.35931.197 d17.13
MinimumVisualStudioVersion = 10.0.40219.1
Project("{FAE04EC0-301F-11D3-BF4B-00C04F79EFBC}") = "BlogAppWeb1", "BlogAppWeb1\BlogAppWeb1.csproj", "{5B893418-78D2-435F-9C9E-B37377D7A055}"
EndProject
Global
	GlobalSection(SolutionConfigurationPlatforms) = preSolution
		Debug|Any CPU = Debug|Any CPU
		Release|Any CPU = Release|Any CPU
	EndGlobalSection
	GlobalSection(ProjectConfigurationPlatforms) = postSolution
		{5B893418-78D2-435F-9C9E-B37377D7A055}.Debug|Any CPU.ActiveCfg = Debug|Any CPU
		{5B893418-78D2-435F-9C9E-B37377D7A055}.Debug|Any CPU.Build.0 = Debug|Any CPU
		{5B893418-78D2-435F-9C9E-B37377D7A055}.Release|Any CPU.ActiveCfg = Release|Any CPU
		{5B893418-78D2-435F-9C9E-B37377D7A055}.Release|Any CPU.Build.0 = Release|Any CPU
	EndGlobalSection
	GlobalSection(SolutionProperties) = preSolution
		HideSolutionNode = FALSE
	EndGlobalSection
	GlobalSection(ExtensibilityGlobals) = postSolution
		SolutionGuid = {D392734B-5F35-488B-A6B7-339637EE2E78}
	EndGlobalSection
EndGlobal
