
Microsoft Visual Studio Solution File, Format Version 12.00
# Visual Studio Version 17
VisualStudioVersion = 17.13.35931.197 d17.13
MinimumVisualStudioVersion = 10.0.40219.1
Project("{FAE04EC0-301F-11D3-BF4B-00C04F79EFBC}") = "Demopart1", "Demopart1\Demopart1.csproj", "{57ABB174-8337-41F6-9EE6-AFECC70903DD}"
EndProject
Global
	GlobalSection(SolutionConfigurationPlatforms) = preSolution
		Debug|Any CPU = Debug|Any CPU
		Release|Any CPU = Release|Any CPU
	EndGlobalSection
	GlobalSection(ProjectConfigurationPlatforms) = postSolution
		{57ABB174-8337-41F6-9EE6-AFECC70903DD}.Debug|Any CPU.ActiveCfg = Debug|Any CPU
		{57ABB174-8337-41F6-9EE6-AFECC70903DD}.Debug|Any CPU.Build.0 = Debug|Any CPU
		{57ABB174-8337-41F6-9EE6-AFECC70903DD}.Release|Any CPU.ActiveCfg = Release|Any CPU
		{57ABB174-8337-41F6-9EE6-AFECC70903DD}.Release|Any CPU.Build.0 = Release|Any CPU
	EndGlobalSection
	GlobalSection(SolutionProperties) = preSolution
		HideSolutionNode = FALSE
	EndGlobalSection
	GlobalSection(ExtensibilityGlobals) = postSolution
		SolutionGuid = {8159B150-DE09-4C44-99E6-FA6ED751C2AB}
	EndGlobalSection
EndGlobal
