
Microsoft Visual Studio Solution File, Format Version 12.00
# Visual Studio Version 17
VisualStudioVersion = 17.13.35931.197 d17.13
MinimumVisualStudioVersion = 10.0.40219.1
Project("{FAE04EC0-301F-11D3-BF4B-00C04F79EFBC}") = "BlogAppWeb2", "BlogAppWeb2\BlogAppWeb2.csproj", "{5C191F2B-84B4-4C70-83A2-1FBEE24F442A}"
EndProject
Global
	GlobalSection(SolutionConfigurationPlatforms) = preSolution
		Debug|Any CPU = Debug|Any CPU
		Release|Any CPU = Release|Any CPU
	EndGlobalSection
	GlobalSection(ProjectConfigurationPlatforms) = postSolution
		{5C191F2B-84B4-4C70-83A2-1FBEE24F442A}.Debug|Any CPU.ActiveCfg = Debug|Any CPU
		{5C191F2B-84B4-4C70-83A2-1FBEE24F442A}.Debug|Any CPU.Build.0 = Debug|Any CPU
		{5C191F2B-84B4-4C70-83A2-1FBEE24F442A}.Release|Any CPU.ActiveCfg = Release|Any CPU
		{5C191F2B-84B4-4C70-83A2-1FBEE24F442A}.Release|Any CPU.Build.0 = Release|Any CPU
	EndGlobalSection
	GlobalSection(SolutionProperties) = preSolution
		HideSolutionNode = FALSE
	EndGlobalSection
	GlobalSection(ExtensibilityGlobals) = postSolution
		SolutionGuid = {0B9C535C-7C78-437C-B5AC-4D4827DF47D7}
	EndGlobalSection
EndGlobal
