
Microsoft Visual Studio Solution File, Format Version 12.00
# Visual Studio Version 17
VisualStudioVersion = 17.14.36203.30
MinimumVisualStudioVersion = 10.0.40219.1
Project("{FAE04EC0-301F-11D3-BF4B-00C04F79EFBC}") = "RideAggregatorAPI", "RideAggregatorAPI\RideAggregatorAPI.csproj", "{68901A1E-C3A8-4816-BF9D-599023E1BCFF}"
EndProject
Project("{FAE04EC0-301F-11D3-BF4B-00C04F79EFBC}") = "RideAggregatorUI", "RideAggregatorUI\RideAggregatorUI.csproj", "{4B1BA164-18FE-4308-9FF4-A091E9009EC4}"
EndProject
Global
	GlobalSection(SolutionConfigurationPlatforms) = preSolution
		Debug|Any CPU = Debug|Any CPU
		Release|Any CPU = Release|Any CPU
	EndGlobalSection
	GlobalSection(ProjectConfigurationPlatforms) = postSolution
		{68901A1E-C3A8-4816-BF9D-599023E1BCFF}.Debug|Any CPU.ActiveCfg = Debug|Any CPU
		{68901A1E-C3A8-4816-BF9D-599023E1BCFF}.Debug|Any CPU.Build.0 = Debug|Any CPU
		{68901A1E-C3A8-4816-BF9D-599023E1BCFF}.Release|Any CPU.ActiveCfg = Release|Any CPU
		{68901A1E-C3A8-4816-BF9D-599023E1BCFF}.Release|Any CPU.Build.0 = Release|Any CPU
		{4B1BA164-18FE-4308-9FF4-A091E9009EC4}.Debug|Any CPU.ActiveCfg = Debug|Any CPU
		{4B1BA164-18FE-4308-9FF4-A091E9009EC4}.Debug|Any CPU.Build.0 = Debug|Any CPU
		{4B1BA164-18FE-4308-9FF4-A091E9009EC4}.Release|Any CPU.ActiveCfg = Release|Any CPU
		{4B1BA164-18FE-4308-9FF4-A091E9009EC4}.Release|Any CPU.Build.0 = Release|Any CPU
	EndGlobalSection
	GlobalSection(SolutionProperties) = preSolution
		HideSolutionNode = FALSE
	EndGlobalSection
	GlobalSection(ExtensibilityGlobals) = postSolution
		SolutionGuid = {73117F1D-28D6-42DB-9DF0-83AE68C0BFDF}
	EndGlobalSection
EndGlobal
