
Microsoft Visual Studio Solution File, Format Version 12.00
# Visual Studio Version 17
VisualStudioVersion = 17.10.35122.118
MinimumVisualStudioVersion = 10.0.40219.1
Project("{FAE04EC0-301F-11D3-BF4B-00C04F79EFBC}") = "BlogWebApp1", "BlogWebApp1\BlogWebApp1.csproj", "{D841CD42-2CB7-4138-96F8-5E8D8B3FDA45}"
EndProject
Global
	GlobalSection(SolutionConfigurationPlatforms) = preSolution
		Debug|Any CPU = Debug|Any CPU
		Release|Any CPU = Release|Any CPU
	EndGlobalSection
	GlobalSection(ProjectConfigurationPlatforms) = postSolution
		{D841CD42-2CB7-4138-96F8-5E8D8B3FDA45}.Debug|Any CPU.ActiveCfg = Debug|Any CPU
		{D841CD42-2CB7-4138-96F8-5E8D8B3FDA45}.Debug|Any CPU.Build.0 = Debug|Any CPU
		{D841CD42-2CB7-4138-96F8-5E8D8B3FDA45}.Release|Any CPU.ActiveCfg = Release|Any CPU
		{D841CD42-2CB7-4138-96F8-5E8D8B3FDA45}.Release|Any CPU.Build.0 = Release|Any CPU
	EndGlobalSection
	GlobalSection(SolutionProperties) = preSolution
		HideSolutionNode = FALSE
	EndGlobalSection
	GlobalSection(ExtensibilityGlobals) = postSolution
		SolutionGuid = {4A687FA9-67B6-4DAC-B51F-0854C7915767}
	EndGlobalSection
EndGlobal
