
Microsoft Visual Studio Solution File, Format Version 12.00
# Visual Studio Version 17
VisualStudioVersion = 17.13.35931.197 d17.13
MinimumVisualStudioVersion = 10.0.40219.1
Project("{FAE04EC0-301F-11D3-BF4B-00C04F79EFBC}") = "DataAccessLayer", "DataAccessLayer\DataAccessLayer.csproj", "{0CBA9D25-BAA0-45FC-A1F7-E3DA08A950FE}"
EndProject
Project("{FAE04EC0-301F-11D3-BF4B-00C04F79EFBC}") = "EzeeTravelWinUI", "EzeeTravelWinUI\EzeeTravelWinUI.csproj", "{F74570DF-48C3-4272-8B03-B1FABD30CC14}"
EndProject
Global
	GlobalSection(SolutionConfigurationPlatforms) = preSolution
		Debug|Any CPU = Debug|Any CPU
		Release|Any CPU = Release|Any CPU
	EndGlobalSection
	GlobalSection(ProjectConfigurationPlatforms) = postSolution
		{0CBA9D25-BAA0-45FC-A1F7-E3DA08A950FE}.Debug|Any CPU.ActiveCfg = Debug|Any CPU
		{0CBA9D25-BAA0-45FC-A1F7-E3DA08A950FE}.Debug|Any CPU.Build.0 = Debug|Any CPU
		{0CBA9D25-BAA0-45FC-A1F7-E3DA08A950FE}.Release|Any CPU.ActiveCfg = Release|Any CPU
		{0CBA9D25-BAA0-45FC-A1F7-E3DA08A950FE}.Release|Any CPU.Build.0 = Release|Any CPU
		{F74570DF-48C3-4272-8B03-B1FABD30CC14}.Debug|Any CPU.ActiveCfg = Debug|Any CPU
		{F74570DF-48C3-4272-8B03-B1FABD30CC14}.Debug|Any CPU.Build.0 = Debug|Any CPU
		{F74570DF-48C3-4272-8B03-B1FABD30CC14}.Release|Any CPU.ActiveCfg = Release|Any CPU
		{F74570DF-48C3-4272-8B03-B1FABD30CC14}.Release|Any CPU.Build.0 = Release|Any CPU
	EndGlobalSection
	GlobalSection(SolutionProperties) = preSolution
		HideSolutionNode = FALSE
	EndGlobalSection
	GlobalSection(ExtensibilityGlobals) = postSolution
		SolutionGuid = {6C782376-027F-496E-8E23-48E4A5FFE7B9}
	EndGlobalSection
EndGlobal
