
Microsoft Visual Studio Solution File, Format Version 12.00
# Visual Studio Version 17
VisualStudioVersion = 17.13.35931.197 d17.13
MinimumVisualStudioVersion = 10.0.40219.1
Project("{FAE04EC0-301F-11D3-BF4B-00C04F79EFBC}") = "windowsql", "windowsql\windowsql.csproj", "{815BECFC-3B63-4AE3-ABC4-8B6FB0677E9C}"
EndProject
Global
	GlobalSection(SolutionConfigurationPlatforms) = preSolution
		Debug|Any CPU = Debug|Any CPU
		Release|Any CPU = Release|Any CPU
	EndGlobalSection
	GlobalSection(ProjectConfigurationPlatforms) = postSolution
		{815BECFC-3B63-4AE3-ABC4-8B6FB0677E9C}.Debug|Any CPU.ActiveCfg = Debug|Any CPU
		{815BECFC-3B63-4AE3-ABC4-8B6FB0677E9C}.Debug|Any CPU.Build.0 = Debug|Any CPU
		{815BECFC-3B63-4AE3-ABC4-8B6FB0677E9C}.Release|Any CPU.ActiveCfg = Release|Any CPU
		{815BECFC-3B63-4AE3-ABC4-8B6FB0677E9C}.Release|Any CPU.Build.0 = Release|Any CPU
	EndGlobalSection
	GlobalSection(SolutionProperties) = preSolution
		HideSolutionNode = FALSE
	EndGlobalSection
	GlobalSection(ExtensibilityGlobals) = postSolution
		SolutionGuid = {686157B1-7CF2-4CE9-86DC-C6B9D66EF52D}
	EndGlobalSection
EndGlobal
